
Microsoft Visual Studio Solution File, Format Version 12.00
# Visual Studio Version 17
VisualStudioVersion = 17.8.34322.80
MinimumVisualStudioVersion = 10.0.40219.1
Project("{FAE04EC0-301F-11D3-BF4B-00C04F79EFBC}") = "AJAXDemo", "AJAXDemo.csproj", "{38102917-CA8F-4C75-B0BE-6C7B39F1F753}"
EndProject
Global
	GlobalSection(SolutionConfigurationPlatforms) = preSolution
		Debug|Any CPU = Debug|Any CPU
		Release|Any CPU = Release|Any CPU
	EndGlobalSection
	GlobalSection(ProjectConfigurationPlatforms) = postSolution
		{38102917-CA8F-4C75-B0BE-6C7B39F1F753}.Debug|Any CPU.ActiveCfg = Debug|Any CPU
		{38102917-CA8F-4C75-B0BE-6C7B39F1F753}.Debug|Any CPU.Build.0 = Debug|Any CPU
		{38102917-CA8F-4C75-B0BE-6C7B39F1F753}.Release|Any CPU.ActiveCfg = Release|Any CPU
		{38102917-CA8F-4C75-B0BE-6C7B39F1F753}.Release|Any CPU.Build.0 = Release|Any CPU
	EndGlobalSection
	GlobalSection(SolutionProperties) = preSolution
		HideSolutionNode = FALSE
	EndGlobalSection
	GlobalSection(ExtensibilityGlobals) = postSolution
		SolutionGuid = {7DBD7B01-2043-4AF1-B880-390EE3DEF227}
	EndGlobalSection
EndGlobal
