
Microsoft Visual Studio Solution File, Format Version 12.00
# Visual Studio Version 17
VisualStudioVersion = 17.8.34330.188
MinimumVisualStudioVersion = 10.0.40219.1
Project("{FAE04EC0-301F-11D3-BF4B-00C04F79EFBC}") = "VideoGameDependencyInjectionCore", "VideoGameDependencyInjectionCore.csproj", "{8D773CEE-9BA8-46F5-91C5-A8C0D36647CE}"
EndProject
Global
	GlobalSection(SolutionConfigurationPlatforms) = preSolution
		Debug|Any CPU = Debug|Any CPU
		Release|Any CPU = Release|Any CPU
	EndGlobalSection
	GlobalSection(ProjectConfigurationPlatforms) = postSolution
		{8D773CEE-9BA8-46F5-91C5-A8C0D36647CE}.Debug|Any CPU.ActiveCfg = Debug|Any CPU
		{8D773CEE-9BA8-46F5-91C5-A8C0D36647CE}.Debug|Any CPU.Build.0 = Debug|Any CPU
		{8D773CEE-9BA8-46F5-91C5-A8C0D36647CE}.Release|Any CPU.ActiveCfg = Release|Any CPU
		{8D773CEE-9BA8-46F5-91C5-A8C0D36647CE}.Release|Any CPU.Build.0 = Release|Any CPU
	EndGlobalSection
	GlobalSection(SolutionProperties) = preSolution
		HideSolutionNode = FALSE
	EndGlobalSection
	GlobalSection(ExtensibilityGlobals) = postSolution
		SolutionGuid = {AC83BBA1-6BD3-4EC2-8236-766F353AC700}
	EndGlobalSection
EndGlobal
